// !$*UTF8*$!
{
	archiveVersion = 1;
	classes = {
	};
	objectVersion = 50;
	objects = {

/* Begin PBXBuildFile section */
		D025818020B403E20002BB56 /* AppDelegate.m in Sources */ = {isa = PBXBuildFile; fileRef = D025817F20B403E20002BB56 /* AppDelegate.m */; };
		D025818620B403E20002BB56 /* Main.storyboard in Resources */ = {isa = PBXBuildFile; fileRef = D025818420B403E20002BB56 /* Main.storyboard */; };
		D025818820B403E40002BB56 /* Assets.xcassets in Resources */ = {isa = PBXBuildFile; fileRef = D025818720B403E40002BB56 /* Assets.xcassets */; };
		D025818B20B403E40002BB56 /* LaunchScreen.storyboard in Resources */ = {isa = PBXBuildFile; fileRef = D025818920B403E40002BB56 /* LaunchScreen.storyboard */; };
		D025818E20B403E40002BB56 /* main.m in Sources */ = {isa = PBXBuildFile; fileRef = D025818D20B403E40002BB56 /* main.m */; };
		D025819620B404670002BB56 /* LWGRViewController.m in Sources */ = {isa = PBXBuildFile; fileRef = D025819520B404670002BB56 /* LWGRViewController.m */; };
		D025819920B404DC0002BB56 /* LWGRTableView.m in Sources */ = {isa = PBXBuildFile; fileRef = D025819820B404DC0002BB56 /* LWGRTableView.m */; };
		D02581A420B40E3E0002BB56 /* LWTestViewController1.m in Sources */ = {isa = PBXBuildFile; fileRef = D02581A220B40E3E0002BB56 /* LWTestViewController1.m */; };
		D02581A520B40E3E0002BB56 /* LWGRBaseTableViewController.m in Sources */ = {isa = PBXBuildFile; fileRef = D02581A320B40E3E0002BB56 /* LWGRBaseTableViewController.m */; };
/* End PBXBuildFile section */

/* Begin PBXFileReference section */
		D025817B20B403E20002BB56 /* LWTableViewContentTableView.app */ = {isa = PBXFileReference; explicitFileType = wrapper.application; includeInIndex = 0; path = LWTableViewContentTableView.app; sourceTree = BUILT_PRODUCTS_DIR; };
		D025817E20B403E20002BB56 /* AppDelegate.h */ = {isa = PBXFileReference; lastKnownFileType = sourcecode.c.h; path = AppDelegate.h; sourceTree = "<group>"; };
		D025817F20B403E20002BB56 /* AppDelegate.m */ = {isa = PBXFileReference; lastKnownFileType = sourcecode.c.objc; path = AppDelegate.m; sourceTree = "<group>"; };
		D025818520B403E20002BB56 /* Base */ = {isa = PBXFileReference; lastKnownFileType = file.storyboard; name = Base; path = Base.lproj/Main.storyboard; sourceTree = "<group>"; };
		D025818720B403E40002BB56 /* Assets.xcassets */ = {isa = PBXFileReference; lastKnownFileType = folder.assetcatalog; path = Assets.xcassets; sourceTree = "<group>"; };
		D025818A20B403E40002BB56 /* Base */ = {isa = PBXFileReference; lastKnownFileType = file.storyboard; name = Base; path = Base.lproj/LaunchScreen.storyboard; sourceTree = "<group>"; };
		D025818C20B403E40002BB56 /* Info.plist */ = {isa = PBXFileReference; lastKnownFileType = text.plist.xml; path = Info.plist; sourceTree = "<group>"; };
		D025818D20B403E40002BB56 /* main.m */ = {isa = PBXFileReference; lastKnownFileType = sourcecode.c.objc; path = main.m; sourceTree = "<group>"; };
		D025819420B404670002BB56 /* LWGRViewController.h */ = {isa = PBXFileReference; lastKnownFileType = sourcecode.c.h; path = LWGRViewController.h; sourceTree = "<group>"; };
		D025819520B404670002BB56 /* LWGRViewController.m */ = {isa = PBXFileReference; lastKnownFileType = sourcecode.c.objc; path = LWGRViewController.m; sourceTree = "<group>"; };
		D025819720B404DC0002BB56 /* LWGRTableView.h */ = {isa = PBXFileReference; lastKnownFileType = sourcecode.c.h; path = LWGRTableView.h; sourceTree = "<group>"; };
		D025819820B404DC0002BB56 /* LWGRTableView.m */ = {isa = PBXFileReference; lastKnownFileType = sourcecode.c.objc; path = LWGRTableView.m; sourceTree = "<group>"; };
		D02581A020B40E3D0002BB56 /* LWTestViewController1.h */ = {isa = PBXFileReference; fileEncoding = 4; lastKnownFileType = sourcecode.c.h; path = LWTestViewController1.h; sourceTree = "<group>"; };
		D02581A120B40E3E0002BB56 /* LWGRBaseTableViewController.h */ = {isa = PBXFileReference; fileEncoding = 4; lastKnownFileType = sourcecode.c.h; path = LWGRBaseTableViewController.h; sourceTree = "<group>"; };
		D02581A220B40E3E0002BB56 /* LWTestViewController1.m */ = {isa = PBXFileReference; fileEncoding = 4; lastKnownFileType = sourcecode.c.objc; path = LWTestViewController1.m; sourceTree = "<group>"; };
		D02581A320B40E3E0002BB56 /* LWGRBaseTableViewController.m */ = {isa = PBXFileReference; fileEncoding = 4; lastKnownFileType = sourcecode.c.objc; path = LWGRBaseTableViewController.m; sourceTree = "<group>"; };
/* End PBXFileReference section */

/* Begin PBXFrameworksBuildPhase section */
		D025817820B403E20002BB56 /* Frameworks */ = {
			isa = PBXFrameworksBuildPhase;
			buildActionMask = 2147483647;
			files = (
			);
			runOnlyForDeploymentPostprocessing = 0;
		};
/* End PBXFrameworksBuildPhase section */

/* Begin PBXGroup section */
		D025817220B403E20002BB56 = {
			isa = PBXGroup;
			children = (
				D025817D20B403E20002BB56 /* LWTableViewContentTableView */,
				D025817C20B403E20002BB56 /* Products */,
			);
			sourceTree = "<group>";
		};
		D025817C20B403E20002BB56 /* Products */ = {
			isa = PBXGroup;
			children = (
				D025817B20B403E20002BB56 /* LWTableViewContentTableView.app */,
			);
			name = Products;
			sourceTree = "<group>";
		};
		D025817D20B403E20002BB56 /* LWTableViewContentTableView */ = {
			isa = PBXGroup;
			children = (
				D025817E20B403E20002BB56 /* AppDelegate.h */,
				D025817F20B403E20002BB56 /* AppDelegate.m */,
				D025819420B404670002BB56 /* LWGRViewController.h */,
				D025819520B404670002BB56 /* LWGRViewController.m */,
				D025819720B404DC0002BB56 /* LWGRTableView.h */,
				D025819820B404DC0002BB56 /* LWGRTableView.m */,
				D02581A120B40E3E0002BB56 /* LWGRBaseTableViewController.h */,
				D02581A320B40E3E0002BB56 /* LWGRBaseTableViewController.m */,
				D02581A020B40E3D0002BB56 /* LWTestViewController1.h */,
				D02581A220B40E3E0002BB56 /* LWTestViewController1.m */,
				D025818420B403E20002BB56 /* Main.storyboard */,
				D025818720B403E40002BB56 /* Assets.xcassets */,
				D025818920B403E40002BB56 /* LaunchScreen.storyboard */,
				D025818C20B403E40002BB56 /* Info.plist */,
				D025818D20B403E40002BB56 /* main.m */,
			);
			path = LWTableViewContentTableView;
			sourceTree = "<group>";
		};
/* End PBXGroup section */

/* Begin PBXNativeTarget section */
		D025817A20B403E20002BB56 /* LWTableViewContentTableView */ = {
			isa = PBXNativeTarget;
			buildConfigurationList = D025819120B403E40002BB56 /* Build configuration list for PBXNativeTarget "LWTableViewContentTableView" */;
			buildPhases = (
				D025817720B403E20002BB56 /* Sources */,
				D025817820B403E20002BB56 /* Frameworks */,
				D025817920B403E20002BB56 /* Resources */,
			);
			buildRules = (
			);
			dependencies = (
			);
			name = LWTableViewContentTableView;
			productName = LWTableViewContentTableView;
			productReference = D025817B20B403E20002BB56 /* LWTableViewContentTableView.app */;
			productType = "com.apple.product-type.application";
		};
/* End PBXNativeTarget section */

/* Begin PBXProject section */
		D025817320B403E20002BB56 /* Project object */ = {
			isa = PBXProject;
			attributes = {
				LastUpgradeCheck = 0930;
				ORGANIZATIONNAME = liwei;
				TargetAttributes = {
					D025817A20B403E20002BB56 = {
						CreatedOnToolsVersion = 9.3;
					};
				};
			};
			buildConfigurationList = D025817620B403E20002BB56 /* Build configuration list for PBXProject "LWTableViewContentTableView" */;
			compatibilityVersion = "Xcode 9.3";
			developmentRegion = en;
			hasScannedForEncodings = 0;
			knownRegions = (
				en,
				Base,
			);
			mainGroup = D025817220B403E20002BB56;
			productRefGroup = D025817C20B403E20002BB56 /* Products */;
			projectDirPath = "";
			projectRoot = "";
			targets = (
				D025817A20B403E20002BB56 /* LWTableViewContentTableView */,
			);
		};
/* End PBXProject section */

/* Begin PBXResourcesBuildPhase section */
		D025817920B403E20002BB56 /* Resources */ = {
			isa = PBXResourcesBuildPhase;
			buildActionMask = 2147483647;
			files = (
				D025818B20B403E40002BB56 /* LaunchScreen.storyboard in Resources */,
				D025818820B403E40002BB56 /* Assets.xcassets in Resources */,
				D025818620B403E20002BB56 /* Main.storyboard in Resources */,
			);
			runOnlyForDeploymentPostprocessing = 0;
		};
/* End PBXResourcesBuildPhase section */

/* Begin PBXSourcesBuildPhase section */
		D025817720B403E20002BB56 /* Sources */ = {
			isa = PBXSourcesBuildPhase;
			buildActionMask = 2147483647;
			files = (
				D02581A520B40E3E0002BB56 /* LWGRBaseTableViewController.m in Sources */,
				D025818E20B403E40002BB56 /* main.m in Sources */,
				D025819920B404DC0002BB56 /* LWGRTableView.m in Sources */,
				D025818020B403E20002BB56 /* AppDelegate.m in Sources */,
				D02581A420B40E3E0002BB56 /* LWTestViewController1.m in Sources */,
				D025819620B404670002BB56 /* LWGRViewController.m in Sources */,
			);
			runOnlyForDeploymentPostprocessing = 0;
		};
/* End PBXSourcesBuildPhase section */

/* Begin PBXVariantGroup section */
		D025818420B403E20002BB56 /* Main.storyboard */ = {
			isa = PBXVariantGroup;
			children = (
				D025818520B403E20002BB56 /* Base */,
			);
			name = Main.storyboard;
			sourceTree = "<group>";
		};
		D025818920B403E40002BB56 /* LaunchScreen.storyboard */ = {
			isa = PBXVariantGroup;
			children = (
				D025818A20B403E40002BB56 /* Base */,
			);
			name = LaunchScreen.storyboard;
			sourceTree = "<group>";
		};
/* End PBXVariantGroup section */

/* Begin XCBuildConfiguration section */
		D025818F20B403E40002BB56 /* Debug */ = {
			isa = XCBuildConfiguration;
			buildSettings = {
				ALWAYS_SEARCH_USER_PATHS = NO;
				CLANG_ANALYZER_NONNULL = YES;
				CLANG_ANALYZER_NUMBER_OBJECT_CONVERSION = YES_AGGRESSIVE;
				CLANG_CXX_LANGUAGE_STANDARD = "gnu++14";
				CLANG_CXX_LIBRARY = "libc++";
				CLANG_ENABLE_MODULES = YES;
				CLANG_ENABLE_OBJC_ARC = YES;
				CLANG_ENABLE_OBJC_WEAK = YES;
				CLANG_WARN_BLOCK_CAPTURE_AUTORELEASING = YES;
				CLANG_WARN_BOOL_CONVERSION = YES;
				CLANG_WARN_COMMA = YES;
				CLANG_WARN_CONSTANT_CONVERSION = YES;
				CLANG_WARN_DEPRECATED_OBJC_IMPLEMENTATIONS = YES;
				CLANG_WARN_DIRECT_OBJC_ISA_USAGE = YES_ERROR;
				CLANG_WARN_DOCUMENTATION_COMMENTS = YES;
				CLANG_WARN_EMPTY_BODY = YES;
				CLANG_WARN_ENUM_CONVERSION = YES;
				CLANG_WARN_INFINITE_RECURSION = YES;
				CLANG_WARN_INT_CONVERSION = YES;
				CLANG_WARN_NON_LITERAL_NULL_CONVERSION = YES;
				CLANG_WARN_OBJC_IMPLICIT_RETAIN_SELF = YES;
				CLANG_WARN_OBJC_LITERAL_CONVERSION = YES;
				CLANG_WARN_OBJC_ROOT_CLASS = YES_ERROR;
				CLANG_WARN_RANGE_LOOP_ANALYSIS = YES;
				CLANG_WARN_STRICT_PROTOTYPES = YES;
				CLANG_WARN_SUSPICIOUS_MOVE = YES;
				CLANG_WARN_UNGUARDED_AVAILABILITY = YES_AGGRESSIVE;
				CLANG_WARN_UNREACHABLE_CODE = YES;
				CLANG_WARN__DUPLICATE_METHOD_MATCH = YES;
				CODE_SIGN_IDENTITY = "iPhone Developer";
				COPY_PHASE_STRIP = NO;
				DEBUG_INFORMATION_FORMAT = dwarf;
				ENABLE_STRICT_OBJC_MSGSEND = YES;
				ENABLE_TESTABILITY = YES;
				GCC_C_LANGUAGE_STANDARD = gnu11;
				GCC_DYNAMIC_NO_PIC = NO;
				GCC_NO_COMMON_BLOCKS = YES;
				GCC_OPTIMIZATION_LEVEL = 0;
				GCC_PREPROCESSOR_DEFINITIONS = (
					"DEBUG=1",
					"$(inherited)",
				);
				GCC_WARN_64_TO_32_BIT_CONVERSION = YES;
				GCC_WARN_ABOUT_RETURN_TYPE = YES_ERROR;
				GCC_WARN_UNDECLARED_SELECTOR = YES;
				GCC_WARN_UNINITIALIZED_AUTOS = YES_AGGRESSIVE;
				GCC_WARN_UNUSED_FUNCTION = YES;
				GCC_WARN_UNUSED_VARIABLE = YES;
				IPHONEOS_DEPLOYMENT_TARGET = 11.3;
				MTL_ENABLE_DEBUG_INFO = YES;
				ONLY_ACTIVE_ARCH = YES;
				SDKROOT = iphoneos;
			};
			name = Debug;
		};
		D025819020B403E40002BB56 /* Release */ = {
			isa = XCBuildConfiguration;
			buildSettings = {
				ALWAYS_SEARCH_USER_PATHS = NO;
				CLANG_ANALYZER_NONNULL = YES;
				CLANG_ANALYZER_NUMBER_OBJECT_CONVERSION = YES_AGGRESSIVE;
				CLANG_CXX_LANGUAGE_STANDARD = "gnu++14";
				CLANG_CXX_LIBRARY = "libc++";
				CLANG_ENABLE_MODULES = YES;
				CLANG_ENABLE_OBJC_ARC = YES;
				CLANG_ENABLE_OBJC_WEAK = YES;
				CLANG_WARN_BLOCK_CAPTURE_AUTORELEASING = YES;
				CLANG_WARN_BOOL_CONVERSION = YES;
				CLANG_WARN_COMMA = YES;
				CLANG_WARN_CONSTANT_CONVERSION = YES;
				CLANG_WARN_DEPRECATED_OBJC_IMPLEMENTATIONS = YES;
				CLANG_WARN_DIRECT_OBJC_ISA_USAGE = YES_ERROR;
				CLANG_WARN_DOCUMENTATION_COMMENTS = YES;
				CLANG_WARN_EMPTY_BODY = YES;
				CLANG_WARN_ENUM_CONVERSION = YES;
				CLANG_WARN_INFINITE_RECURSION = YES;
				CLANG_WARN_INT_CONVERSION = YES;
				CLANG_WARN_NON_LITERAL_NULL_CONVERSION = YES;
				CLANG_WARN_OBJC_IMPLICIT_RETAIN_SELF = YES;
				CLANG_WARN_OBJC_LITERAL_CONVERSION = YES;
				CLANG_WARN_OBJC_ROOT_CLASS = YES_ERROR;
				CLANG_WARN_RANGE_LOOP_ANALYSIS = YES;
				CLANG_WARN_STRICT_PROTOTYPES = YES;
				CLANG_WARN_SUSPICIOUS_MOVE = YES;
				CLANG_WARN_UNGUARDED_AVAILABILITY = YES_AGGRESSIVE;
				CLANG_WARN_UNREACHABLE_CODE = YES;
				CLANG_WARN__DUPLICATE_METHOD_MATCH = YES;
				CODE_SIGN_IDENTITY = "iPhone Developer";
				COPY_PHASE_STRIP = NO;
				DEBUG_INFORMATION_FORMAT = "dwarf-with-dsym";
				ENABLE_NS_ASSERTIONS = NO;
				ENABLE_STRICT_OBJC_MSGSEND = YES;
				GCC_C_LANGUAGE_STANDARD = gnu11;
				GCC_NO_COMMON_BLOCKS = YES;
				GCC_WARN_64_TO_32_BIT_CONVERSION = YES;
				GCC_WARN_ABOUT_RETURN_TYPE = YES_ERROR;
				GCC_WARN_UNDECLARED_SELECTOR = YES;
				GCC_WARN_UNINITIALIZED_AUTOS = YES_AGGRESSIVE;
				GCC_WARN_UNUSED_FUNCTION = YES;
				GCC_WARN_UNUSED_VARIABLE = YES;
				IPHONEOS_DEPLOYMENT_TARGET = 11.3;
				MTL_ENABLE_DEBUG_INFO = NO;
				SDKROOT = iphoneos;
				VALIDATE_PRODUCT = YES;
			};
			name = Release;
		};
		D025819220B403E40002BB56 /* Debug */ = {
			isa = XCBuildConfiguration;
			buildSettings = {
				ASSETCATALOG_COMPILER_APPICON_NAME = AppIcon;
				CODE_SIGN_STYLE = Automatic;
				INFOPLIST_FILE = LWTableViewContentTableView/Info.plist;
				LD_RUNPATH_SEARCH_PATHS = (
					"$(inherited)",
					"@executable_path/Frameworks",
				);
				PRODUCT_BUNDLE_IDENTIFIER = LW.LWTableViewContentTableView;
				PRODUCT_NAME = "$(TARGET_NAME)";
				TARGETED_DEVICE_FAMILY = "1,2";
			};
			name = Debug;
		};
		D025819320B403E40002BB56 /* Release */ = {
			isa = XCBuildConfiguration;
			buildSettings = {
				ASSETCATALOG_COMPILER_APPICON_NAME = AppIcon;
				CODE_SIGN_STYLE = Automatic;
				INFOPLIST_FILE = LWTableViewContentTableView/Info.plist;
				LD_RUNPATH_SEARCH_PATHS = (
					"$(inherited)",
					"@executable_path/Frameworks",
				);
				PRODUCT_BUNDLE_IDENTIFIER = LW.LWTableViewContentTableView;
				PRODUCT_NAME = "$(TARGET_NAME)";
				TARGETED_DEVICE_FAMILY = "1,2";
			};
			name = Release;
		};
/* End XCBuildConfiguration section */

/* Begin XCConfigurationList section */
		D025817620B403E20002BB56 /* Build configuration list for PBXProject "LWTableViewContentTableView" */ = {
			isa = XCConfigurationList;
			buildConfigurations = (
				D025818F20B403E40002BB56 /* Debug */,
				D025819020B403E40002BB56 /* Release */,
			);
			defaultConfigurationIsVisible = 0;
			defaultConfigurationName = Release;
		};
		D025819120B403E40002BB56 /* Build configuration list for PBXNativeTarget "LWTableViewContentTableView" */ = {
			isa = XCConfigurationList;
			buildConfigurations = (
				D025819220B403E40002BB56 /* Debug */,
				D025819320B403E40002BB56 /* Release */,
			);
			defaultConfigurationIsVisible = 0;
			defaultConfigurationName = Release;
		};
/* End XCConfigurationList section */
	};
	rootObject = D025817320B403E20002BB56 /* Project object */;
}
